
Microsoft Visual Studio Solution File, Format Version 12.00
# Visual Studio 15
VisualStudioVersion = 15.0.27428.2015
MinimumVisualStudioVersion = 10.0.40219.1
Project("{FAE04EC0-301F-11D3-BF4B-00C04F79EFBC}") = "SakthiAzuerWebApp", "SakthiAzuerWebApp\SakthiAzuerWebApp.csproj", "{2EE601EC-327B-4511-AFE1-F6022690E54E}"
EndProject
Global
	GlobalSection(SolutionConfigurationPlatforms) = preSolution
		Debug|Any CPU = Debug|Any CPU
		Release|Any CPU = Release|Any CPU
	EndGlobalSection
	GlobalSection(ProjectConfigurationPlatforms) = postSolution
		{2EE601EC-327B-4511-AFE1-F6022690E54E}.Debug|Any CPU.ActiveCfg = Debug|Any CPU
		{2EE601EC-327B-4511-AFE1-F6022690E54E}.Debug|Any CPU.Build.0 = Debug|Any CPU
		{2EE601EC-327B-4511-AFE1-F6022690E54E}.Release|Any CPU.ActiveCfg = Release|Any CPU
		{2EE601EC-327B-4511-AFE1-F6022690E54E}.Release|Any CPU.Build.0 = Release|Any CPU
	EndGlobalSection
	GlobalSection(SolutionProperties) = preSolution
		HideSolutionNode = FALSE
	EndGlobalSection
	GlobalSection(ExtensibilityGlobals) = postSolution
		SolutionGuid = {DF6E9760-4F9F-4F00-83D1-D72761B20AAA}
	EndGlobalSection
EndGlobal
